
Microsoft Visual Studio Solution File, Format Version 12.00
# Visual Studio Version 17
VisualStudioVersion = 17.11.35312.102
MinimumVisualStudioVersion = 10.0.40219.1
Project("{FAE04EC0-301F-11D3-BF4B-00C04F79EFBC}") = "Patika_Identity_Pratic", "Patika_Identity_Pratic\Patika_Identity_Pratic.csproj", "{1A6742EC-3F7C-4C8F-BCE7-4CC9CD066147}"
EndProject
Global
	GlobalSection(SolutionConfigurationPlatforms) = preSolution
		Debug|Any CPU = Debug|Any CPU
		Release|Any CPU = Release|Any CPU
	EndGlobalSection
	GlobalSection(ProjectConfigurationPlatforms) = postSolution
		{1A6742EC-3F7C-4C8F-BCE7-4CC9CD066147}.Debug|Any CPU.ActiveCfg = Debug|Any CPU
		{1A6742EC-3F7C-4C8F-BCE7-4CC9CD066147}.Debug|Any CPU.Build.0 = Debug|Any CPU
		{1A6742EC-3F7C-4C8F-BCE7-4CC9CD066147}.Release|Any CPU.ActiveCfg = Release|Any CPU
		{1A6742EC-3F7C-4C8F-BCE7-4CC9CD066147}.Release|Any CPU.Build.0 = Release|Any CPU
	EndGlobalSection
	GlobalSection(SolutionProperties) = preSolution
		HideSolutionNode = FALSE
	EndGlobalSection
	GlobalSection(ExtensibilityGlobals) = postSolution
		SolutionGuid = {DBD5E974-9E1A-49C1-BE1A-5451DE5ABF9F}
	EndGlobalSection
EndGlobal
